
Microsoft Visual Studio Solution File, Format Version 12.00
# Visual Studio Version 17
VisualStudioVersion = 17.3.32804.467
MinimumVisualStudioVersion = 10.0.40219.1
Project("{9A19103F-16F7-4668-BE54-9A1E7A4F7556}") = "KHOpenApi.NET", "KHOpenApi.NET\KHOpenApi.NET.csproj", "{FB86AE12-195E-4368-B63E-5C47DB6301BB}"
EndProject
Project("{2150E333-8FDC-42A3-9474-1A3956D46DE8}") = "Solution Items", "Solution Items", "{80FB305E-47BD-488D-AD05-97B3F5343393}"
	ProjectSection(SolutionItems) = preProject
		README.md = README.md
	EndProjectSection
EndProject
Project("{2150E333-8FDC-42A3-9474-1A3956D46DE8}") = "Samples", "Samples", "{0EF5652B-0B4C-40E3-92C6-CCE3F5C53D4A}"
EndProject
Project("{9A19103F-16F7-4668-BE54-9A1E7A4F7556}") = "ConsoleApp", "Samples\ConsoleApp\ConsoleApp.csproj", "{9B977C75-0CBC-453E-9343-5901A516D8FA}"
EndProject
Project("{9A19103F-16F7-4668-BE54-9A1E7A4F7556}") = "WinFormsApp1", "Samples\WinFormsApp1\WinFormsApp1.csproj", "{01251534-77C6-434C-887A-C65F6319B8C2}"
EndProject
Project("{9A19103F-16F7-4668-BE54-9A1E7A4F7556}") = "WinUI3_test", "Samples\WinUI3_test\WinUI3_test.csproj", "{B1FBD3D0-1064-461F-B79B-52C9DFDF9A58}"
EndProject
Project("{9A19103F-16F7-4668-BE54-9A1E7A4F7556}") = "WpfApp1", "Samples\WpfApp1\WpfApp1.csproj", "{9A3D16E7-266B-43E0-A8AF-2539DF3D1632}"
EndProject
Global
	GlobalSection(SolutionConfigurationPlatforms) = preSolution
		Debug|Any CPU = Debug|Any CPU
		Debug|arm64 = Debug|arm64
		Debug|x64 = Debug|x64
		Debug|x86 = Debug|x86
		Release|Any CPU = Release|Any CPU
		Release|arm64 = Release|arm64
		Release|x64 = Release|x64
		Release|x86 = Release|x86
	EndGlobalSection
	GlobalSection(ProjectConfigurationPlatforms) = postSolution
		{FB86AE12-195E-4368-B63E-5C47DB6301BB}.Debug|Any CPU.ActiveCfg = Debug|Any CPU
		{FB86AE12-195E-4368-B63E-5C47DB6301BB}.Debug|Any CPU.Build.0 = Debug|Any CPU
		{FB86AE12-195E-4368-B63E-5C47DB6301BB}.Debug|arm64.ActiveCfg = Debug|Any CPU
		{FB86AE12-195E-4368-B63E-5C47DB6301BB}.Debug|arm64.Build.0 = Debug|Any CPU
		{FB86AE12-195E-4368-B63E-5C47DB6301BB}.Debug|x64.ActiveCfg = Debug|Any CPU
		{FB86AE12-195E-4368-B63E-5C47DB6301BB}.Debug|x64.Build.0 = Debug|Any CPU
		{FB86AE12-195E-4368-B63E-5C47DB6301BB}.Debug|x86.ActiveCfg = Debug|Any CPU
		{FB86AE12-195E-4368-B63E-5C47DB6301BB}.Debug|x86.Build.0 = Debug|Any CPU
		{FB86AE12-195E-4368-B63E-5C47DB6301BB}.Release|Any CPU.ActiveCfg = Release|Any CPU
		{FB86AE12-195E-4368-B63E-5C47DB6301BB}.Release|Any CPU.Build.0 = Release|Any CPU
		{FB86AE12-195E-4368-B63E-5C47DB6301BB}.Release|arm64.ActiveCfg = Release|Any CPU
		{FB86AE12-195E-4368-B63E-5C47DB6301BB}.Release|arm64.Build.0 = Release|Any CPU
		{FB86AE12-195E-4368-B63E-5C47DB6301BB}.Release|x64.ActiveCfg = Release|Any CPU
		{FB86AE12-195E-4368-B63E-5C47DB6301BB}.Release|x64.Build.0 = Release|Any CPU
		{FB86AE12-195E-4368-B63E-5C47DB6301BB}.Release|x86.ActiveCfg = Release|Any CPU
		{FB86AE12-195E-4368-B63E-5C47DB6301BB}.Release|x86.Build.0 = Release|Any CPU
		{9B977C75-0CBC-453E-9343-5901A516D8FA}.Debug|Any CPU.ActiveCfg = Debug|Any CPU
		{9B977C75-0CBC-453E-9343-5901A516D8FA}.Debug|Any CPU.Build.0 = Debug|Any CPU
		{9B977C75-0CBC-453E-9343-5901A516D8FA}.Debug|arm64.ActiveCfg = Debug|Any CPU
		{9B977C75-0CBC-453E-9343-5901A516D8FA}.Debug|arm64.Build.0 = Debug|Any CPU
		{9B977C75-0CBC-453E-9343-5901A516D8FA}.Debug|x64.ActiveCfg = Debug|Any CPU
		{9B977C75-0CBC-453E-9343-5901A516D8FA}.Debug|x64.Build.0 = Debug|Any CPU
		{9B977C75-0CBC-453E-9343-5901A516D8FA}.Debug|x86.ActiveCfg = Debug|Any CPU
		{9B977C75-0CBC-453E-9343-5901A516D8FA}.Debug|x86.Build.0 = Debug|Any CPU
		{9B977C75-0CBC-453E-9343-5901A516D8FA}.Release|Any CPU.ActiveCfg = Release|Any CPU
		{9B977C75-0CBC-453E-9343-5901A516D8FA}.Release|Any CPU.Build.0 = Release|Any CPU
		{9B977C75-0CBC-453E-9343-5901A516D8FA}.Release|arm64.ActiveCfg = Release|Any CPU
		{9B977C75-0CBC-453E-9343-5901A516D8FA}.Release|arm64.Build.0 = Release|Any CPU
		{9B977C75-0CBC-453E-9343-5901A516D8FA}.Release|x64.ActiveCfg = Release|Any CPU
		{9B977C75-0CBC-453E-9343-5901A516D8FA}.Release|x64.Build.0 = Release|Any CPU
		{9B977C75-0CBC-453E-9343-5901A516D8FA}.Release|x86.ActiveCfg = Release|Any CPU
		{9B977C75-0CBC-453E-9343-5901A516D8FA}.Release|x86.Build.0 = Release|Any CPU
		{01251534-77C6-434C-887A-C65F6319B8C2}.Debug|Any CPU.ActiveCfg = Debug|Any CPU
		{01251534-77C6-434C-887A-C65F6319B8C2}.Debug|Any CPU.Build.0 = Debug|Any CPU
		{01251534-77C6-434C-887A-C65F6319B8C2}.Debug|arm64.ActiveCfg = Debug|Any CPU
		{01251534-77C6-434C-887A-C65F6319B8C2}.Debug|arm64.Build.0 = Debug|Any CPU
		{01251534-77C6-434C-887A-C65F6319B8C2}.Debug|x64.ActiveCfg = Debug|Any CPU
		{01251534-77C6-434C-887A-C65F6319B8C2}.Debug|x64.Build.0 = Debug|Any CPU
		{01251534-77C6-434C-887A-C65F6319B8C2}.Debug|x86.ActiveCfg = Debug|Any CPU
		{01251534-77C6-434C-887A-C65F6319B8C2}.Debug|x86.Build.0 = Debug|Any CPU
		{01251534-77C6-434C-887A-C65F6319B8C2}.Release|Any CPU.ActiveCfg = Release|Any CPU
		{01251534-77C6-434C-887A-C65F6319B8C2}.Release|Any CPU.Build.0 = Release|Any CPU
		{01251534-77C6-434C-887A-C65F6319B8C2}.Release|arm64.ActiveCfg = Release|Any CPU
		{01251534-77C6-434C-887A-C65F6319B8C2}.Release|arm64.Build.0 = Release|Any CPU
		{01251534-77C6-434C-887A-C65F6319B8C2}.Release|x64.ActiveCfg = Release|Any CPU
		{01251534-77C6-434C-887A-C65F6319B8C2}.Release|x64.Build.0 = Release|Any CPU
		{01251534-77C6-434C-887A-C65F6319B8C2}.Release|x86.ActiveCfg = Release|Any CPU
		{01251534-77C6-434C-887A-C65F6319B8C2}.Release|x86.Build.0 = Release|Any CPU
		{B1FBD3D0-1064-461F-B79B-52C9DFDF9A58}.Debug|Any CPU.ActiveCfg = Debug|x64
		{B1FBD3D0-1064-461F-B79B-52C9DFDF9A58}.Debug|Any CPU.Build.0 = Debug|x64
		{B1FBD3D0-1064-461F-B79B-52C9DFDF9A58}.Debug|Any CPU.Deploy.0 = Debug|x64
		{B1FBD3D0-1064-461F-B79B-52C9DFDF9A58}.Debug|arm64.ActiveCfg = Debug|arm64
		{B1FBD3D0-1064-461F-B79B-52C9DFDF9A58}.Debug|arm64.Build.0 = Debug|arm64
		{B1FBD3D0-1064-461F-B79B-52C9DFDF9A58}.Debug|arm64.Deploy.0 = Debug|arm64
		{B1FBD3D0-1064-461F-B79B-52C9DFDF9A58}.Debug|x64.ActiveCfg = Debug|x64
		{B1FBD3D0-1064-461F-B79B-52C9DFDF9A58}.Debug|x64.Build.0 = Debug|x64
		{B1FBD3D0-1064-461F-B79B-52C9DFDF9A58}.Debug|x64.Deploy.0 = Debug|x64
		{B1FBD3D0-1064-461F-B79B-52C9DFDF9A58}.Debug|x86.ActiveCfg = Debug|x86
		{B1FBD3D0-1064-461F-B79B-52C9DFDF9A58}.Debug|x86.Build.0 = Debug|x86
		{B1FBD3D0-1064-461F-B79B-52C9DFDF9A58}.Debug|x86.Deploy.0 = Debug|x86
		{B1FBD3D0-1064-461F-B79B-52C9DFDF9A58}.Release|Any CPU.ActiveCfg = Release|x64
		{B1FBD3D0-1064-461F-B79B-52C9DFDF9A58}.Release|Any CPU.Build.0 = Release|x64
		{B1FBD3D0-1064-461F-B79B-52C9DFDF9A58}.Release|Any CPU.Deploy.0 = Release|x64
		{B1FBD3D0-1064-461F-B79B-52C9DFDF9A58}.Release|arm64.ActiveCfg = Release|arm64
		{B1FBD3D0-1064-461F-B79B-52C9DFDF9A58}.Release|arm64.Build.0 = Release|arm64
		{B1FBD3D0-1064-461F-B79B-52C9DFDF9A58}.Release|arm64.Deploy.0 = Release|arm64
		{B1FBD3D0-1064-461F-B79B-52C9DFDF9A58}.Release|x64.ActiveCfg = Release|x64
		{B1FBD3D0-1064-461F-B79B-52C9DFDF9A58}.Release|x64.Build.0 = Release|x64
		{B1FBD3D0-1064-461F-B79B-52C9DFDF9A58}.Release|x64.Deploy.0 = Release|x64
		{B1FBD3D0-1064-461F-B79B-52C9DFDF9A58}.Release|x86.ActiveCfg = Release|x86
		{B1FBD3D0-1064-461F-B79B-52C9DFDF9A58}.Release|x86.Build.0 = Release|x86
		{B1FBD3D0-1064-461F-B79B-52C9DFDF9A58}.Release|x86.Deploy.0 = Release|x86
		{9A3D16E7-266B-43E0-A8AF-2539DF3D1632}.Debug|Any CPU.ActiveCfg = Debug|Any CPU
		{9A3D16E7-266B-43E0-A8AF-2539DF3D1632}.Debug|Any CPU.Build.0 = Debug|Any CPU
		{9A3D16E7-266B-43E0-A8AF-2539DF3D1632}.Debug|arm64.ActiveCfg = Debug|Any CPU
		{9A3D16E7-266B-43E0-A8AF-2539DF3D1632}.Debug|arm64.Build.0 = Debug|Any CPU
		{9A3D16E7-266B-43E0-A8AF-2539DF3D1632}.Debug|x64.ActiveCfg = Debug|Any CPU
		{9A3D16E7-266B-43E0-A8AF-2539DF3D1632}.Debug|x64.Build.0 = Debug|Any CPU
		{9A3D16E7-266B-43E0-A8AF-2539DF3D1632}.Debug|x86.ActiveCfg = Debug|Any CPU
		{9A3D16E7-266B-43E0-A8AF-2539DF3D1632}.Debug|x86.Build.0 = Debug|Any CPU
		{9A3D16E7-266B-43E0-A8AF-2539DF3D1632}.Release|Any CPU.ActiveCfg = Release|Any CPU
		{9A3D16E7-266B-43E0-A8AF-2539DF3D1632}.Release|Any CPU.Build.0 = Release|Any CPU
		{9A3D16E7-266B-43E0-A8AF-2539DF3D1632}.Release|arm64.ActiveCfg = Release|Any CPU
		{9A3D16E7-266B-43E0-A8AF-2539DF3D1632}.Release|arm64.Build.0 = Release|Any CPU
		{9A3D16E7-266B-43E0-A8AF-2539DF3D1632}.Release|x64.ActiveCfg = Release|Any CPU
		{9A3D16E7-266B-43E0-A8AF-2539DF3D1632}.Release|x64.Build.0 = Release|Any CPU
		{9A3D16E7-266B-43E0-A8AF-2539DF3D1632}.Release|x86.ActiveCfg = Release|Any CPU
		{9A3D16E7-266B-43E0-A8AF-2539DF3D1632}.Release|x86.Build.0 = Release|Any CPU
	EndGlobalSection
	GlobalSection(SolutionProperties) = preSolution
		HideSolutionNode = FALSE
	EndGlobalSection
	GlobalSection(NestedProjects) = preSolution
		{9B977C75-0CBC-453E-9343-5901A516D8FA} = {0EF5652B-0B4C-40E3-92C6-CCE3F5C53D4A}
		{01251534-77C6-434C-887A-C65F6319B8C2} = {0EF5652B-0B4C-40E3-92C6-CCE3F5C53D4A}
		{B1FBD3D0-1064-461F-B79B-52C9DFDF9A58} = {0EF5652B-0B4C-40E3-92C6-CCE3F5C53D4A}
		{9A3D16E7-266B-43E0-A8AF-2539DF3D1632} = {0EF5652B-0B4C-40E3-92C6-CCE3F5C53D4A}
	EndGlobalSection
	GlobalSection(ExtensibilityGlobals) = postSolution
		SolutionGuid = {38F79841-4CD8-4C6C-9A97-D4AA5F713CCD}
	EndGlobalSection
EndGlobal
